
Microsoft Visual Studio Solution File, Format Version 12.00
# Visual Studio Version 17
VisualStudioVersion = 17.13.35825.156 d17.13
MinimumVisualStudioVersion = 10.0.40219.1
Project("{FAE04EC0-301F-11D3-BF4B-00C04F79EFBC}") = "CalculatorApplication", "CalculatorApplication\CalculatorApplication.csproj", "{2DB22406-D0D4-40B2-BC72-F886A402F414}"
EndProject
Project("{FAE04EC0-301F-11D3-BF4B-00C04F79EFBC}") = "CalculatorTests", "CalculatorTests\CalculatorTests.csproj", "{C59AC6DF-EFD8-4EDC-90F5-A8E141060980}"
EndProject
Project("{FAE04EC0-301F-11D3-BF4B-00C04F79EFBC}") = "CalculatorSystemTests", "CalculatorSystemTests\CalculatorSystemTests.csproj", "{BA97DBE4-1428-44F5-B825-6F197E1B0994}"
EndProject
Global
	GlobalSection(SolutionConfigurationPlatforms) = preSolution
		Debug|Any CPU = Debug|Any CPU
		Release|Any CPU = Release|Any CPU
	EndGlobalSection
	GlobalSection(ProjectConfigurationPlatforms) = postSolution
		{2DB22406-D0D4-40B2-BC72-F886A402F414}.Debug|Any CPU.ActiveCfg = Debug|Any CPU
		{2DB22406-D0D4-40B2-BC72-F886A402F414}.Debug|Any CPU.Build.0 = Debug|Any CPU
		{2DB22406-D0D4-40B2-BC72-F886A402F414}.Release|Any CPU.ActiveCfg = Release|Any CPU
		{2DB22406-D0D4-40B2-BC72-F886A402F414}.Release|Any CPU.Build.0 = Release|Any CPU
		{C59AC6DF-EFD8-4EDC-90F5-A8E141060980}.Debug|Any CPU.ActiveCfg = Debug|Any CPU
		{C59AC6DF-EFD8-4EDC-90F5-A8E141060980}.Debug|Any CPU.Build.0 = Debug|Any CPU
		{C59AC6DF-EFD8-4EDC-90F5-A8E141060980}.Release|Any CPU.ActiveCfg = Release|Any CPU
		{C59AC6DF-EFD8-4EDC-90F5-A8E141060980}.Release|Any CPU.Build.0 = Release|Any CPU
		{BA97DBE4-1428-44F5-B825-6F197E1B0994}.Debug|Any CPU.ActiveCfg = Debug|Any CPU
		{BA97DBE4-1428-44F5-B825-6F197E1B0994}.Debug|Any CPU.Build.0 = Debug|Any CPU
		{BA97DBE4-1428-44F5-B825-6F197E1B0994}.Release|Any CPU.ActiveCfg = Release|Any CPU
		{BA97DBE4-1428-44F5-B825-6F197E1B0994}.Release|Any CPU.Build.0 = Release|Any CPU
	EndGlobalSection
	GlobalSection(SolutionProperties) = preSolution
		HideSolutionNode = FALSE
	EndGlobalSection
	GlobalSection(ExtensibilityGlobals) = postSolution
		SolutionGuid = {09BC0FB3-8B6D-4D02-82CA-75328928A95B}
	EndGlobalSection
EndGlobal
